
Microsoft Visual Studio Solution File, Format Version 12.00
# Visual Studio Version 17
VisualStudioVersion = 17.0.31903.59
MinimumVisualStudioVersion = 10.0.40219.1
Project("{FAE04EC0-301F-11D3-BF4B-00C04F79EFBC}") = "ConcernedCartographer", "src\ConcernedCartographer\ConcernedCartographer.csproj", "{95CE0F24-6E99-4A2B-964D-693B239CFE27}"
EndProject
Project("{2150E333-8FDC-42A3-9474-1A3956D46DE8}") = "src", "src", "{827E0CD3-B72D-47B6-A68D-7590B98EB39B}"
EndProject
Project("{FAE04EC0-301F-11D3-BF4B-00C04F79EFBC}") = "ConcernedCartographer.Tests", "src\ConcernedCartographer.Tests\ConcernedCartographer.Tests.csproj", "{077A1A4A-6960-416D-8F4D-6ECBE7467692}"
EndProject
Project("{FAE04EC0-301F-11D3-BF4B-00C04F79EFBC}") = "ConcernedTeamster", "src\ConcernedTeamster\ConcernedTeamster.csproj", "{76D636AA-1288-4EF1-967F-2F0EB9E8B18B}"
EndProject
Project("{FAE04EC0-301F-11D3-BF4B-00C04F79EFBC}") = "ConcernedTeamster.Tests", "src\ConcernedTeamster.Tests\ConcernedTeamster.Tests.csproj", "{C5AFAF34-28ED-4008-BC16-8D02704E9B11}"
EndProject
Project("{FAE04EC0-301F-11D3-BF4B-00C04F79EFBC}") = "Shared.Settlement.Tests", "src\Shared.Settlement.Tests\Shared.Settlement.Tests.csproj", "{CBAFDC81-EEDF-4414-93BF-254D2ED9B412}"
EndProject
Project("{FAE04EC0-301F-11D3-BF4B-00C04F79EFBC}") = "ConcernedForeman", "src\ConcernedForeman\ConcernedForeman.csproj", "{25843445-A009-4504-AF83-7AF86FA33757}"
EndProject
Project("{FAE04EC0-301F-11D3-BF4B-00C04F79EFBC}") = "ConcernedForeman.Tests", "src\ConcernedForeman.Tests\ConcernedForeman.Tests.csproj", "{89B9397F-4904-4A6C-9414-0513DBEBED8A}"
EndProject
Project("{FAE04EC0-301F-11D3-BF4B-00C04F79EFBC}") = "Interop.Tests", "src\Interop.Tests\Interop.Tests.csproj", "{ACC7C4A7-F805-4B7D-88F4-CE398B66BFD4}"
EndProject
Project("{FAE04EC0-301F-11D3-BF4B-00C04F79EFBC}") = "Interop.Tests.Provider", "src\Interop.Tests\Provider\Interop.Tests.Provider.csproj", "{44B6A636-EA4B-4963-A3C8-2946373751D7}"
EndProject
Project("{FAE04EC0-301F-11D3-BF4B-00C04F79EFBC}") = "Interop.Tests.Consumer", "src\Interop.Tests\Consumer\Interop.Tests.Consumer.csproj", "{F29F37AA-4B77-47A5-8C9A-04031F20BA8A}"
EndProject
Project("{FAE04EC0-301F-11D3-BF4B-00C04F79EFBC}") = "ConcernedSteward", "src\ConcernedSteward\ConcernedSteward.csproj", "{3B1A7C42-0D96-4E58-9E21-5D7A4C81E610}"
EndProject
Project("{FAE04EC0-301F-11D3-BF4B-00C04F79EFBC}") = "ConcernedNPC", "src\ConcernedNPC\ConcernedNPC.csproj", "{0C7F1E84-3A52-4B6D-9C18-7E2A5D40F9B3}"
EndProject
Project("{FAE04EC0-301F-11D3-BF4B-00C04F79EFBC}") = "ConcernedNPC.Tests", "src\ConcernedNPC.Tests\ConcernedNPC.Tests.csproj", "{9D4C58E1-7A36-4B02-8F51-63C2A8D71E04}"
EndProject
Project("{FAE04EC0-301F-11D3-BF4B-00C04F79EFBC}") = "ConcernedSteward.Tests", "src\ConcernedSteward.Tests\ConcernedSteward.Tests.csproj", "{6E4F92D8-15B3-4A77-B0C6-2F9D83E5A147}"
EndProject
Global
	GlobalSection(SolutionConfigurationPlatforms) = preSolution
		Debug|Any CPU = Debug|Any CPU
		Debug|x64 = Debug|x64
		Debug|x86 = Debug|x86
		Release|Any CPU = Release|Any CPU
		Release|x64 = Release|x64
		Release|x86 = Release|x86
	EndGlobalSection
	GlobalSection(ProjectConfigurationPlatforms) = postSolution
		{95CE0F24-6E99-4A2B-964D-693B239CFE27}.Debug|Any CPU.ActiveCfg = Debug|Any CPU
		{95CE0F24-6E99-4A2B-964D-693B239CFE27}.Debug|Any CPU.Build.0 = Debug|Any CPU
		{95CE0F24-6E99-4A2B-964D-693B239CFE27}.Debug|x64.ActiveCfg = Debug|Any CPU
		{95CE0F24-6E99-4A2B-964D-693B239CFE27}.Debug|x64.Build.0 = Debug|Any CPU
		{95CE0F24-6E99-4A2B-964D-693B239CFE27}.Debug|x86.ActiveCfg = Debug|Any CPU
		{95CE0F24-6E99-4A2B-964D-693B239CFE27}.Debug|x86.Build.0 = Debug|Any CPU
		{95CE0F24-6E99-4A2B-964D-693B239CFE27}.Release|Any CPU.ActiveCfg = Release|Any CPU
		{95CE0F24-6E99-4A2B-964D-693B239CFE27}.Release|Any CPU.Build.0 = Release|Any CPU
		{95CE0F24-6E99-4A2B-964D-693B239CFE27}.Release|x64.ActiveCfg = Release|Any CPU
		{95CE0F24-6E99-4A2B-964D-693B239CFE27}.Release|x64.Build.0 = Release|Any CPU
		{95CE0F24-6E99-4A2B-964D-693B239CFE27}.Release|x86.ActiveCfg = Release|Any CPU
		{95CE0F24-6E99-4A2B-964D-693B239CFE27}.Release|x86.Build.0 = Release|Any CPU
		{077A1A4A-6960-416D-8F4D-6ECBE7467692}.Debug|Any CPU.ActiveCfg = Debug|Any CPU
		{077A1A4A-6960-416D-8F4D-6ECBE7467692}.Debug|Any CPU.Build.0 = Debug|Any CPU
		{077A1A4A-6960-416D-8F4D-6ECBE7467692}.Debug|x64.ActiveCfg = Debug|Any CPU
		{077A1A4A-6960-416D-8F4D-6ECBE7467692}.Debug|x64.Build.0 = Debug|Any CPU
		{077A1A4A-6960-416D-8F4D-6ECBE7467692}.Debug|x86.ActiveCfg = Debug|Any CPU
		{077A1A4A-6960-416D-8F4D-6ECBE7467692}.Debug|x86.Build.0 = Debug|Any CPU
		{077A1A4A-6960-416D-8F4D-6ECBE7467692}.Release|Any CPU.ActiveCfg = Release|Any CPU
		{077A1A4A-6960-416D-8F4D-6ECBE7467692}.Release|Any CPU.Build.0 = Release|Any CPU
		{077A1A4A-6960-416D-8F4D-6ECBE7467692}.Release|x64.ActiveCfg = Release|Any CPU
		{077A1A4A-6960-416D-8F4D-6ECBE7467692}.Release|x64.Build.0 = Release|Any CPU
		{077A1A4A-6960-416D-8F4D-6ECBE7467692}.Release|x86.ActiveCfg = Release|Any CPU
		{077A1A4A-6960-416D-8F4D-6ECBE7467692}.Release|x86.Build.0 = Release|Any CPU
		{76D636AA-1288-4EF1-967F-2F0EB9E8B18B}.Debug|Any CPU.ActiveCfg = Debug|Any CPU
		{76D636AA-1288-4EF1-967F-2F0EB9E8B18B}.Debug|Any CPU.Build.0 = Debug|Any CPU
		{76D636AA-1288-4EF1-967F-2F0EB9E8B18B}.Debug|x64.ActiveCfg = Debug|Any CPU
		{76D636AA-1288-4EF1-967F-2F0EB9E8B18B}.Debug|x64.Build.0 = Debug|Any CPU
		{76D636AA-1288-4EF1-967F-2F0EB9E8B18B}.Debug|x86.ActiveCfg = Debug|Any CPU
		{76D636AA-1288-4EF1-967F-2F0EB9E8B18B}.Debug|x86.Build.0 = Debug|Any CPU
		{76D636AA-1288-4EF1-967F-2F0EB9E8B18B}.Release|Any CPU.ActiveCfg = Release|Any CPU
		{76D636AA-1288-4EF1-967F-2F0EB9E8B18B}.Release|Any CPU.Build.0 = Release|Any CPU
		{76D636AA-1288-4EF1-967F-2F0EB9E8B18B}.Release|x64.ActiveCfg = Release|Any CPU
		{76D636AA-1288-4EF1-967F-2F0EB9E8B18B}.Release|x64.Build.0 = Release|Any CPU
		{76D636AA-1288-4EF1-967F-2F0EB9E8B18B}.Release|x86.ActiveCfg = Release|Any CPU
		{76D636AA-1288-4EF1-967F-2F0EB9E8B18B}.Release|x86.Build.0 = Release|Any CPU
		{C5AFAF34-28ED-4008-BC16-8D02704E9B11}.Debug|Any CPU.ActiveCfg = Debug|Any CPU
		{C5AFAF34-28ED-4008-BC16-8D02704E9B11}.Debug|Any CPU.Build.0 = Debug|Any CPU
		{C5AFAF34-28ED-4008-BC16-8D02704E9B11}.Debug|x64.ActiveCfg = Debug|Any CPU
		{C5AFAF34-28ED-4008-BC16-8D02704E9B11}.Debug|x64.Build.0 = Debug|Any CPU
		{C5AFAF34-28ED-4008-BC16-8D02704E9B11}.Debug|x86.ActiveCfg = Debug|Any CPU
		{C5AFAF34-28ED-4008-BC16-8D02704E9B11}.Debug|x86.Build.0 = Debug|Any CPU
		{C5AFAF34-28ED-4008-BC16-8D02704E9B11}.Release|Any CPU.ActiveCfg = Release|Any CPU
		{C5AFAF34-28ED-4008-BC16-8D02704E9B11}.Release|Any CPU.Build.0 = Release|Any CPU
		{C5AFAF34-28ED-4008-BC16-8D02704E9B11}.Release|x64.ActiveCfg = Release|Any CPU
		{C5AFAF34-28ED-4008-BC16-8D02704E9B11}.Release|x64.Build.0 = Release|Any CPU
		{C5AFAF34-28ED-4008-BC16-8D02704E9B11}.Release|x86.ActiveCfg = Release|Any CPU
		{C5AFAF34-28ED-4008-BC16-8D02704E9B11}.Release|x86.Build.0 = Release|Any CPU
		{CBAFDC81-EEDF-4414-93BF-254D2ED9B412}.Debug|Any CPU.ActiveCfg = Debug|Any CPU
		{CBAFDC81-EEDF-4414-93BF-254D2ED9B412}.Debug|Any CPU.Build.0 = Debug|Any CPU
		{CBAFDC81-EEDF-4414-93BF-254D2ED9B412}.Debug|x64.ActiveCfg = Debug|Any CPU
		{CBAFDC81-EEDF-4414-93BF-254D2ED9B412}.Debug|x64.Build.0 = Debug|Any CPU
		{CBAFDC81-EEDF-4414-93BF-254D2ED9B412}.Debug|x86.ActiveCfg = Debug|Any CPU
		{CBAFDC81-EEDF-4414-93BF-254D2ED9B412}.Debug|x86.Build.0 = Debug|Any CPU
		{CBAFDC81-EEDF-4414-93BF-254D2ED9B412}.Release|Any CPU.ActiveCfg = Release|Any CPU
		{CBAFDC81-EEDF-4414-93BF-254D2ED9B412}.Release|Any CPU.Build.0 = Release|Any CPU
		{CBAFDC81-EEDF-4414-93BF-254D2ED9B412}.Release|x64.ActiveCfg = Release|Any CPU
		{CBAFDC81-EEDF-4414-93BF-254D2ED9B412}.Release|x64.Build.0 = Release|Any CPU
		{CBAFDC81-EEDF-4414-93BF-254D2ED9B412}.Release|x86.ActiveCfg = Release|Any CPU
		{CBAFDC81-EEDF-4414-93BF-254D2ED9B412}.Release|x86.Build.0 = Release|Any CPU
		{25843445-A009-4504-AF83-7AF86FA33757}.Debug|Any CPU.ActiveCfg = Debug|Any CPU
		{25843445-A009-4504-AF83-7AF86FA33757}.Debug|Any CPU.Build.0 = Debug|Any CPU
		{25843445-A009-4504-AF83-7AF86FA33757}.Debug|x64.ActiveCfg = Debug|Any CPU
		{25843445-A009-4504-AF83-7AF86FA33757}.Debug|x64.Build.0 = Debug|Any CPU
		{25843445-A009-4504-AF83-7AF86FA33757}.Debug|x86.ActiveCfg = Debug|Any CPU
		{25843445-A009-4504-AF83-7AF86FA33757}.Debug|x86.Build.0 = Debug|Any CPU
		{25843445-A009-4504-AF83-7AF86FA33757}.Release|Any CPU.ActiveCfg = Release|Any CPU
		{25843445-A009-4504-AF83-7AF86FA33757}.Release|Any CPU.Build.0 = Release|Any CPU
		{25843445-A009-4504-AF83-7AF86FA33757}.Release|x64.ActiveCfg = Release|Any CPU
		{25843445-A009-4504-AF83-7AF86FA33757}.Release|x64.Build.0 = Release|Any CPU
		{25843445-A009-4504-AF83-7AF86FA33757}.Release|x86.ActiveCfg = Release|Any CPU
		{25843445-A009-4504-AF83-7AF86FA33757}.Release|x86.Build.0 = Release|Any CPU
		{89B9397F-4904-4A6C-9414-0513DBEBED8A}.Debug|Any CPU.ActiveCfg = Debug|Any CPU
		{89B9397F-4904-4A6C-9414-0513DBEBED8A}.Debug|Any CPU.Build.0 = Debug|Any CPU
		{89B9397F-4904-4A6C-9414-0513DBEBED8A}.Debug|x64.ActiveCfg = Debug|Any CPU
		{89B9397F-4904-4A6C-9414-0513DBEBED8A}.Debug|x64.Build.0 = Debug|Any CPU
		{89B9397F-4904-4A6C-9414-0513DBEBED8A}.Debug|x86.ActiveCfg = Debug|Any CPU
		{89B9397F-4904-4A6C-9414-0513DBEBED8A}.Debug|x86.Build.0 = Debug|Any CPU
		{89B9397F-4904-4A6C-9414-0513DBEBED8A}.Release|Any CPU.ActiveCfg = Release|Any CPU
		{89B9397F-4904-4A6C-9414-0513DBEBED8A}.Release|Any CPU.Build.0 = Release|Any CPU
		{89B9397F-4904-4A6C-9414-0513DBEBED8A}.Release|x64.ActiveCfg = Release|Any CPU
		{89B9397F-4904-4A6C-9414-0513DBEBED8A}.Release|x64.Build.0 = Release|Any CPU
		{89B9397F-4904-4A6C-9414-0513DBEBED8A}.Release|x86.ActiveCfg = Release|Any CPU
		{89B9397F-4904-4A6C-9414-0513DBEBED8A}.Release|x86.Build.0 = Release|Any CPU
		{ACC7C4A7-F805-4B7D-88F4-CE398B66BFD4}.Debug|Any CPU.ActiveCfg = Debug|Any CPU
		{ACC7C4A7-F805-4B7D-88F4-CE398B66BFD4}.Debug|Any CPU.Build.0 = Debug|Any CPU
		{ACC7C4A7-F805-4B7D-88F4-CE398B66BFD4}.Debug|x64.ActiveCfg = Debug|Any CPU
		{ACC7C4A7-F805-4B7D-88F4-CE398B66BFD4}.Debug|x64.Build.0 = Debug|Any CPU
		{ACC7C4A7-F805-4B7D-88F4-CE398B66BFD4}.Debug|x86.ActiveCfg = Debug|Any CPU
		{ACC7C4A7-F805-4B7D-88F4-CE398B66BFD4}.Debug|x86.Build.0 = Debug|Any CPU
		{ACC7C4A7-F805-4B7D-88F4-CE398B66BFD4}.Release|Any CPU.ActiveCfg = Release|Any CPU
		{ACC7C4A7-F805-4B7D-88F4-CE398B66BFD4}.Release|Any CPU.Build.0 = Release|Any CPU
		{ACC7C4A7-F805-4B7D-88F4-CE398B66BFD4}.Release|x64.ActiveCfg = Release|Any CPU
		{ACC7C4A7-F805-4B7D-88F4-CE398B66BFD4}.Release|x64.Build.0 = Release|Any CPU
		{ACC7C4A7-F805-4B7D-88F4-CE398B66BFD4}.Release|x86.ActiveCfg = Release|Any CPU
		{ACC7C4A7-F805-4B7D-88F4-CE398B66BFD4}.Release|x86.Build.0 = Release|Any CPU
		{44B6A636-EA4B-4963-A3C8-2946373751D7}.Debug|Any CPU.ActiveCfg = Debug|Any CPU
		{44B6A636-EA4B-4963-A3C8-2946373751D7}.Debug|Any CPU.Build.0 = Debug|Any CPU
		{44B6A636-EA4B-4963-A3C8-2946373751D7}.Debug|x64.ActiveCfg = Debug|Any CPU
		{44B6A636-EA4B-4963-A3C8-2946373751D7}.Debug|x64.Build.0 = Debug|Any CPU
		{44B6A636-EA4B-4963-A3C8-2946373751D7}.Debug|x86.ActiveCfg = Debug|Any CPU
		{44B6A636-EA4B-4963-A3C8-2946373751D7}.Debug|x86.Build.0 = Debug|Any CPU
		{44B6A636-EA4B-4963-A3C8-2946373751D7}.Release|Any CPU.ActiveCfg = Release|Any CPU
		{44B6A636-EA4B-4963-A3C8-2946373751D7}.Release|Any CPU.Build.0 = Release|Any CPU
		{44B6A636-EA4B-4963-A3C8-2946373751D7}.Release|x64.ActiveCfg = Release|Any CPU
		{44B6A636-EA4B-4963-A3C8-2946373751D7}.Release|x64.Build.0 = Release|Any CPU
		{44B6A636-EA4B-4963-A3C8-2946373751D7}.Release|x86.ActiveCfg = Release|Any CPU
		{44B6A636-EA4B-4963-A3C8-2946373751D7}.Release|x86.Build.0 = Release|Any CPU
		{F29F37AA-4B77-47A5-8C9A-04031F20BA8A}.Debug|Any CPU.ActiveCfg = Debug|Any CPU
		{F29F37AA-4B77-47A5-8C9A-04031F20BA8A}.Debug|Any CPU.Build.0 = Debug|Any CPU
		{F29F37AA-4B77-47A5-8C9A-04031F20BA8A}.Debug|x64.ActiveCfg = Debug|Any CPU
		{F29F37AA-4B77-47A5-8C9A-04031F20BA8A}.Debug|x64.Build.0 = Debug|Any CPU
		{F29F37AA-4B77-47A5-8C9A-04031F20BA8A}.Debug|x86.ActiveCfg = Debug|Any CPU
		{F29F37AA-4B77-47A5-8C9A-04031F20BA8A}.Debug|x86.Build.0 = Debug|Any CPU
		{F29F37AA-4B77-47A5-8C9A-04031F20BA8A}.Release|Any CPU.ActiveCfg = Release|Any CPU
		{F29F37AA-4B77-47A5-8C9A-04031F20BA8A}.Release|Any CPU.Build.0 = Release|Any CPU
		{F29F37AA-4B77-47A5-8C9A-04031F20BA8A}.Release|x64.ActiveCfg = Release|Any CPU
		{F29F37AA-4B77-47A5-8C9A-04031F20BA8A}.Release|x64.Build.0 = Release|Any CPU
		{F29F37AA-4B77-47A5-8C9A-04031F20BA8A}.Release|x86.ActiveCfg = Release|Any CPU
		{F29F37AA-4B77-47A5-8C9A-04031F20BA8A}.Release|x86.Build.0 = Release|Any CPU
		{3B1A7C42-0D96-4E58-9E21-5D7A4C81E610}.Debug|Any CPU.ActiveCfg = Debug|Any CPU
		{3B1A7C42-0D96-4E58-9E21-5D7A4C81E610}.Debug|Any CPU.Build.0 = Debug|Any CPU
		{3B1A7C42-0D96-4E58-9E21-5D7A4C81E610}.Debug|x64.ActiveCfg = Debug|Any CPU
		{3B1A7C42-0D96-4E58-9E21-5D7A4C81E610}.Debug|x64.Build.0 = Debug|Any CPU
		{3B1A7C42-0D96-4E58-9E21-5D7A4C81E610}.Debug|x86.ActiveCfg = Debug|Any CPU
		{3B1A7C42-0D96-4E58-9E21-5D7A4C81E610}.Debug|x86.Build.0 = Debug|Any CPU
		{3B1A7C42-0D96-4E58-9E21-5D7A4C81E610}.Release|Any CPU.ActiveCfg = Release|Any CPU
		{3B1A7C42-0D96-4E58-9E21-5D7A4C81E610}.Release|Any CPU.Build.0 = Release|Any CPU
		{3B1A7C42-0D96-4E58-9E21-5D7A4C81E610}.Release|x64.ActiveCfg = Release|Any CPU
		{3B1A7C42-0D96-4E58-9E21-5D7A4C81E610}.Release|x64.Build.0 = Release|Any CPU
		{3B1A7C42-0D96-4E58-9E21-5D7A4C81E610}.Release|x86.ActiveCfg = Release|Any CPU
		{3B1A7C42-0D96-4E58-9E21-5D7A4C81E610}.Release|x86.Build.0 = Release|Any CPU
		{0C7F1E84-3A52-4B6D-9C18-7E2A5D40F9B3}.Debug|Any CPU.ActiveCfg = Debug|Any CPU
		{0C7F1E84-3A52-4B6D-9C18-7E2A5D40F9B3}.Debug|Any CPU.Build.0 = Debug|Any CPU
		{0C7F1E84-3A52-4B6D-9C18-7E2A5D40F9B3}.Debug|x64.ActiveCfg = Debug|Any CPU
		{0C7F1E84-3A52-4B6D-9C18-7E2A5D40F9B3}.Debug|x64.Build.0 = Debug|Any CPU
		{0C7F1E84-3A52-4B6D-9C18-7E2A5D40F9B3}.Debug|x86.ActiveCfg = Debug|Any CPU
		{0C7F1E84-3A52-4B6D-9C18-7E2A5D40F9B3}.Debug|x86.Build.0 = Debug|Any CPU
		{0C7F1E84-3A52-4B6D-9C18-7E2A5D40F9B3}.Release|Any CPU.ActiveCfg = Release|Any CPU
		{0C7F1E84-3A52-4B6D-9C18-7E2A5D40F9B3}.Release|Any CPU.Build.0 = Release|Any CPU
		{0C7F1E84-3A52-4B6D-9C18-7E2A5D40F9B3}.Release|x64.ActiveCfg = Release|Any CPU
		{0C7F1E84-3A52-4B6D-9C18-7E2A5D40F9B3}.Release|x64.Build.0 = Release|Any CPU
		{0C7F1E84-3A52-4B6D-9C18-7E2A5D40F9B3}.Release|x86.ActiveCfg = Release|Any CPU
		{0C7F1E84-3A52-4B6D-9C18-7E2A5D40F9B3}.Release|x86.Build.0 = Release|Any CPU
		{9D4C58E1-7A36-4B02-8F51-63C2A8D71E04}.Debug|Any CPU.ActiveCfg = Debug|Any CPU
		{9D4C58E1-7A36-4B02-8F51-63C2A8D71E04}.Debug|Any CPU.Build.0 = Debug|Any CPU
		{9D4C58E1-7A36-4B02-8F51-63C2A8D71E04}.Debug|x64.ActiveCfg = Debug|Any CPU
		{9D4C58E1-7A36-4B02-8F51-63C2A8D71E04}.Debug|x64.Build.0 = Debug|Any CPU
		{9D4C58E1-7A36-4B02-8F51-63C2A8D71E04}.Debug|x86.ActiveCfg = Debug|Any CPU
		{9D4C58E1-7A36-4B02-8F51-63C2A8D71E04}.Debug|x86.Build.0 = Debug|Any CPU
		{9D4C58E1-7A36-4B02-8F51-63C2A8D71E04}.Release|Any CPU.ActiveCfg = Release|Any CPU
		{9D4C58E1-7A36-4B02-8F51-63C2A8D71E04}.Release|Any CPU.Build.0 = Release|Any CPU
		{9D4C58E1-7A36-4B02-8F51-63C2A8D71E04}.Release|x64.ActiveCfg = Release|Any CPU
		{9D4C58E1-7A36-4B02-8F51-63C2A8D71E04}.Release|x64.Build.0 = Release|Any CPU
		{9D4C58E1-7A36-4B02-8F51-63C2A8D71E04}.Release|x86.ActiveCfg = Release|Any CPU
		{9D4C58E1-7A36-4B02-8F51-63C2A8D71E04}.Release|x86.Build.0 = Release|Any CPU
		{6E4F92D8-15B3-4A77-B0C6-2F9D83E5A147}.Debug|Any CPU.ActiveCfg = Debug|Any CPU
		{6E4F92D8-15B3-4A77-B0C6-2F9D83E5A147}.Debug|Any CPU.Build.0 = Debug|Any CPU
		{6E4F92D8-15B3-4A77-B0C6-2F9D83E5A147}.Debug|x64.ActiveCfg = Debug|Any CPU
		{6E4F92D8-15B3-4A77-B0C6-2F9D83E5A147}.Debug|x64.Build.0 = Debug|Any CPU
		{6E4F92D8-15B3-4A77-B0C6-2F9D83E5A147}.Debug|x86.ActiveCfg = Debug|Any CPU
		{6E4F92D8-15B3-4A77-B0C6-2F9D83E5A147}.Debug|x86.Build.0 = Debug|Any CPU
		{6E4F92D8-15B3-4A77-B0C6-2F9D83E5A147}.Release|Any CPU.ActiveCfg = Release|Any CPU
		{6E4F92D8-15B3-4A77-B0C6-2F9D83E5A147}.Release|Any CPU.Build.0 = Release|Any CPU
		{6E4F92D8-15B3-4A77-B0C6-2F9D83E5A147}.Release|x64.ActiveCfg = Release|Any CPU
		{6E4F92D8-15B3-4A77-B0C6-2F9D83E5A147}.Release|x64.Build.0 = Release|Any CPU
		{6E4F92D8-15B3-4A77-B0C6-2F9D83E5A147}.Release|x86.ActiveCfg = Release|Any CPU
		{6E4F92D8-15B3-4A77-B0C6-2F9D83E5A147}.Release|x86.Build.0 = Release|Any CPU
	EndGlobalSection
	GlobalSection(SolutionProperties) = preSolution
		HideSolutionNode = FALSE
	EndGlobalSection
	GlobalSection(NestedProjects) = preSolution
		{0C7F1E84-3A52-4B6D-9C18-7E2A5D40F9B3} = {827E0CD3-B72D-47B6-A68D-7590B98EB39B}
		{9D4C58E1-7A36-4B02-8F51-63C2A8D71E04} = {827E0CD3-B72D-47B6-A68D-7590B98EB39B}
		{077A1A4A-6960-416D-8F4D-6ECBE7467692} = {827E0CD3-B72D-47B6-A68D-7590B98EB39B}
		{C5AFAF34-28ED-4008-BC16-8D02704E9B11} = {827E0CD3-B72D-47B6-A68D-7590B98EB39B}
		{CBAFDC81-EEDF-4414-93BF-254D2ED9B412} = {827E0CD3-B72D-47B6-A68D-7590B98EB39B}
		{25843445-A009-4504-AF83-7AF86FA33757} = {827E0CD3-B72D-47B6-A68D-7590B98EB39B}
		{89B9397F-4904-4A6C-9414-0513DBEBED8A} = {827E0CD3-B72D-47B6-A68D-7590B98EB39B}
		{ACC7C4A7-F805-4B7D-88F4-CE398B66BFD4} = {827E0CD3-B72D-47B6-A68D-7590B98EB39B}
		{44B6A636-EA4B-4963-A3C8-2946373751D7} = {827E0CD3-B72D-47B6-A68D-7590B98EB39B}
		{F29F37AA-4B77-47A5-8C9A-04031F20BA8A} = {827E0CD3-B72D-47B6-A68D-7590B98EB39B}
		{3B1A7C42-0D96-4E58-9E21-5D7A4C81E610} = {827E0CD3-B72D-47B6-A68D-7590B98EB39B}
		{6E4F92D8-15B3-4A77-B0C6-2F9D83E5A147} = {827E0CD3-B72D-47B6-A68D-7590B98EB39B}
	EndGlobalSection
EndGlobal
